{
  "name": "concurrent-array",
  "version": "1.0.0",
  "lockfileVersion": 1,
  "requires": true,
  "dependencies": {
    "aggregate-error": {
      "version": "4.0.0",
      "resolved": "https://registry.npmjs.org/aggregate-error/-/aggregate-error-4.0.0.tgz",
      "integrity": "sha512-8DGp7zUt1E9k0NE2q4jlXHk+V3ORErmwolEdRz9iV+LKJ40WhMHh92cxAvhqV2I+zEn/gotIoqoMs0NjF3xofg==",
      "requires": {
        "clean-stack": "^4.0.0",
        "indent-string": "^5.0.0"
      }
    },
    "betterator": {
      "version": "1.0.0",
      "resolved": "https://registry.npmjs.org/betterator/-/betterator-1.0.0.tgz",
      "integrity": "sha512-eefv9TngSxMW4VOn7XWCCDHZRjQuJrJo/bJzwFK9JI3AcfTRIH1WMMUQwt9fO84BzxuCQ3GxQfiH2Js/u6iAfg=="
    },
    "clean-stack": {
      "version": "4.1.0",
      "resolved": "https://registry.npmjs.org/clean-stack/-/clean-stack-4.1.0.tgz",
      "integrity": "sha512-dxXQYI7mfQVcaF12s6sjNFoZ6ZPDQuBBLp3QJ5156k9EvUFClUoZ11fo8HnLQO241DDVntHEug8MOuFO5PSfRg==",
      "requires": {
        "escape-string-regexp": "5.0.0"
      }
    },
    "escape-string-regexp": {
      "version": "5.0.0",
      "resolved": "https://registry.npmjs.org/escape-string-regexp/-/escape-string-regexp-5.0.0.tgz",
      "integrity": "sha512-/veY75JbMK4j1yjvuUxuVsiS/hr/4iHs9FTT6cgTexxdE0Ly/glccBAkloH/DofkjRbZU3bnoj38mOmhkZ0lHw=="
    },
    "indent-string": {
      "version": "5.0.0",
      "resolved": "https://registry.npmjs.org/indent-string/-/indent-string-5.0.0.tgz",
      "integrity": "sha512-m6FAo/spmsW2Ab2fU35JTYwtOKa2yAwXSwgjSv1TJzh4Mh7mC3lzAOVLBprb72XsTrgkEIsl7YrFNAiDiRhIGg=="
    },
    "lfi": {
      "version": "1.0.3",
      "resolved": "https://registry.npmjs.org/lfi/-/lfi-1.0.3.tgz",
      "integrity": "sha512-Vmez/Pdg4a5Vxm+Cu4tx4nUiD0S0/p0RYPmEUKFf/6LNDevbExSGf4iMmyCgVlDyGNwP5AIbHoipOOY3lV2LsA==",
      "requires": {
        "betterator": "1.0.0"
      }
    },
    "p-filter": {
      "version": "3.0.0",
      "resolved": "https://registry.npmjs.org/p-filter/-/p-filter-3.0.0.tgz",
      "integrity": "sha512-QtoWLjXAW++uTX67HZQz1dbTpqBfiidsB6VtQUC9iR85S120+s0T5sO6s+B5MLzFcZkrEd/DGMmCjR+f2Qpxwg==",
      "requires": {
        "p-map": "^5.1.0"
      }
    },
    "p-map": {
      "version": "5.3.0",
      "resolved": "https://registry.npmjs.org/p-map/-/p-map-5.3.0.tgz",
      "integrity": "sha512-SRbIQFoLYNezHkqZslqeg963HYUtqOrfMCxjNrFOpJ19WTYuq26rQoOXeX8QQiMLUlLqdYV/7PuDsdYJ7hLE1w==",
      "requires": {
        "aggregate-error": "^4.0.0"
      }
    }
  }
}
